{
  "name": "long-essay-service",
  "version": "1.0.1",
  "lockfileVersion": 2,
  "requires": true,
  "packages": {
    "": {
      "name": "long-essay-service",
      "version": "1.0.1",
      "dependencies": {
        "long-essay-writer": "github:fneumann/long-essay-writer"
      }
    },
    "node_modules/long-essay-writer": {
      "version": "0.0.1",
      "resolved": "git+ssh://git@github.com/fneumann/long-essay-writer.git#e072a82cdabc22c9316449aa5a1167f6dbc7b216",
      "license": "GPL-3.0-or-later"
    }
  },
  "dependencies": {
    "long-essay-writer": {
      "version": "git+ssh://git@github.com/fneumann/long-essay-writer.git#e072a82cdabc22c9316449aa5a1167f6dbc7b216",
      "from": "long-essay-writer@github:fneumann/long-essay-writer"
    }
  }
}
