{
  "name": "long-essay-service",
  "version": "1.0.1",
  "lockfileVersion": 2,
  "requires": true,
  "packages": {
    "": {
      "name": "long-essay-service",
      "version": "1.0.1",
      "dependencies": {
        "long-essay-corrector": "github:fneumann/long-essay-corrector",
        "long-essay-writer": "github:fneumann/long-essay-writer"
      }
    },
    "node_modules/long-essay-corrector": {
      "version": "0.0.1",
      "resolved": "git+ssh://git@github.com/fneumann/long-essay-corrector.git#2174b0d376e0881ce0a79cfd1e058b6a72056c58",
      "license": "GPL-3.0-or-later"
    },
    "node_modules/long-essay-writer": {
      "version": "0.0.1",
      "resolved": "git+ssh://git@github.com/fneumann/long-essay-writer.git#e683bda210a85743edc50b271fad14ef46bd1402",
      "license": "GPL-3.0-or-later"
    }
  },
  "dependencies": {
    "long-essay-corrector": {
      "version": "git+ssh://git@github.com/fneumann/long-essay-corrector.git#2174b0d376e0881ce0a79cfd1e058b6a72056c58",
      "from": "long-essay-corrector@github:fneumann/long-essay-corrector"
    },
    "long-essay-writer": {
      "version": "git+ssh://git@github.com/fneumann/long-essay-writer.git#e683bda210a85743edc50b271fad14ef46bd1402",
      "from": "long-essay-writer@github:fneumann/long-essay-writer"
    }
  }
}
